
Microsoft Visual Studio Solution File, Format Version 12.00
# Visual Studio Version 16
VisualStudioVersion = 16.0.28922.388
MinimumVisualStudioVersion = 10.0.40219.1
Project("{FAE04EC0-301F-11D3-BF4B-00C04F79EFBC}") = "SmartHome", "SmartHome\SmartHome.csproj", "{0FB9AAB4-0627-4D65-80E9-7812629D7A68}"
EndProject
Global
	GlobalSection(SolutionConfigurationPlatforms) = preSolution
		Debug|Any CPU = Debug|Any CPU
		Release|Any CPU = Release|Any CPU
	EndGlobalSection
	GlobalSection(ProjectConfigurationPlatforms) = postSolution
		{0FB9AAB4-0627-4D65-80E9-7812629D7A68}.Debug|Any CPU.ActiveCfg = Debug|Any CPU
		{0FB9AAB4-0627-4D65-80E9-7812629D7A68}.Debug|Any CPU.Build.0 = Debug|Any CPU
		{0FB9AAB4-0627-4D65-80E9-7812629D7A68}.Release|Any CPU.ActiveCfg = Release|Any CPU
		{0FB9AAB4-0627-4D65-80E9-7812629D7A68}.Release|Any CPU.Build.0 = Release|Any CPU
	EndGlobalSection
	GlobalSection(SolutionProperties) = preSolution
		HideSolutionNode = FALSE
	EndGlobalSection
	GlobalSection(ExtensibilityGlobals) = postSolution
		SolutionGuid = {F61CE7A2-0B65-49EA-A171-EB6CAFBE2AD8}
	EndGlobalSection
EndGlobal
